# generated by rye
# use `rye lock` or `rye sync` to update this lockfile
#
# last locked with the following flags:
#   pre: false
#   features: []
#   all-features: false
#   with-sources: false
#   generate-hashes: false
#   universal: false

-e file:.
beautifulsoup4==4.12.3
    # via approved-npo-data
certifi==2024.8.30
    # via requests
cffi==1.17.1
    # via cryptography
charset-normalizer==3.3.2
    # via pdfminer-six
    # via requests
cryptography==43.0.1
    # via pdfminer-six
idna==3.10
    # via requests
pdfminer-six==20231228
    # via pdfplumber
pdfplumber==0.11.4
    # via approved-npo-data
pillow==10.4.0
    # via pdfplumber
pycparser==2.22
    # via cffi
pypdfium2==4.30.0
    # via pdfplumber
requests==2.32.3
    # via approved-npo-data
soupsieve==2.6
    # via beautifulsoup4
tenacity==9.0.0
    # via approved-npo-data
urllib3==2.2.3
    # via requests
