# generated by rye
# use `rye lock` or `rye sync` to update this lockfile
#
# last locked with the following flags:
#   pre: false
#   features: []
#   all-features: false
#   with-sources: false
#   generate-hashes: false
#   universal: false

-e file:.
asttokens==2.4.1
    # via stack-data
beautifulsoup4==4.12.3
    # via approved-npo-data
certifi==2024.8.30
    # via requests
cffi==1.17.1
    # via cryptography
charset-normalizer==3.3.2
    # via pdfminer-six
    # via requests
comm==0.2.2
    # via ipykernel
coverage==7.6.1
    # via pytest-cov
cryptography==43.0.1
    # via pdfminer-six
debugpy==1.8.5
    # via ipykernel
decorator==5.1.1
    # via ipython
executing==2.1.0
    # via stack-data
idna==3.10
    # via requests
iniconfig==2.0.0
    # via pytest
ipykernel==6.29.5
ipython==8.27.0
    # via ipykernel
jedi==0.19.1
    # via ipython
jupyter-client==8.6.3
    # via ipykernel
jupyter-core==5.7.2
    # via ipykernel
    # via jupyter-client
matplotlib-inline==0.1.7
    # via ipykernel
    # via ipython
nest-asyncio==1.6.0
    # via ipykernel
packaging==24.1
    # via ipykernel
    # via pytest
parso==0.8.4
    # via jedi
pdfminer-six==20231228
    # via pdfplumber
pdfplumber==0.11.4
    # via approved-npo-data
pexpect==4.9.0
    # via ipython
pillow==10.4.0
    # via pdfplumber
platformdirs==4.3.6
    # via jupyter-core
pluggy==1.5.0
    # via pytest
prompt-toolkit==3.0.47
    # via ipython
psutil==6.0.0
    # via ipykernel
ptyprocess==0.7.0
    # via pexpect
pure-eval==0.2.3
    # via stack-data
pycparser==2.22
    # via cffi
pygments==2.18.0
    # via ipython
pypdfium2==4.30.0
    # via pdfplumber
pytest==8.3.3
    # via pytest-cov
pytest-cov==5.0.0
python-dateutil==2.9.0.post0
    # via jupyter-client
pyzmq==26.2.0
    # via ipykernel
    # via jupyter-client
requests==2.32.3
    # via approved-npo-data
six==1.16.0
    # via asttokens
    # via python-dateutil
soupsieve==2.6
    # via beautifulsoup4
stack-data==0.6.3
    # via ipython
tenacity==9.0.0
    # via approved-npo-data
tornado==6.4.1
    # via ipykernel
    # via jupyter-client
traitlets==5.14.3
    # via comm
    # via ipykernel
    # via ipython
    # via jupyter-client
    # via jupyter-core
    # via matplotlib-inline
urllib3==2.2.3
    # via requests
wcwidth==0.2.13
    # via prompt-toolkit
